{
  "name": "claude-scaffold-go",
  "lockfileVersion": 3,
  "requires": true,
  "packages": {
    "": {
      "name": "claude-scaffold-go",
      "workspaces": [
        "packages/*"
      ],
      "devDependencies": {
        "@team/claude-skills": "*"
      }
    },
    "node_modules/@team/caveman-skill": {
      "resolved": "packages/caveman-skill",
      "link": true
    },
    "node_modules/@team/claude-skills": {
      "resolved": "packages/claude-skills",
      "link": true
    },
    "packages/caveman-skill": {
      "name": "@team/caveman-skill",
      "version": "1.0.0",
      "license": "MIT"
    },
    "packages/claude-skills": {
      "name": "@team/claude-skills",
      "version": "1.0.0",
      "license": "MIT",
      "dependencies": {
        "@team/caveman-skill": "*"
      },
      "bin": {
        "claude-skills": "bin/install.js"
      }
    }
  }
}
